%{
  "artificery": {:hex, :artificery, "0.4.0", "e0b8d3eb9dfe8f42c08a620f90a2aa9cef5dba9fcdfcecad5c2be451df159a77", [:mix], [], "hexpm", "2cdf0748823aa0a9a10739bbd131a2d47f4f11021ad99b5b970f738c0428dab8"},
  "distillery": {:hex, :distillery, "2.0.12", "6e78fe042df82610ac3fa50bd7d2d8190ad287d120d3cd1682d83a44e8b34dfb", [:mix], [{:artificery, "~> 0.2", [hex: :artificery, repo: "hexpm", optional: false]}], "hexpm", "ad094bfbbd69a39f6118265bc7d76a56534df9af2f06aca0d3fd03e1220fbe31"},
  "dogstatsd": {:hex, :dogstatsd, "0.0.4", "32574b218ce1bf61c50a957c08f12280dec674ca1ea2f168ac26557bdf3a5c88", [:mix], [], "hexpm", "fd179c7fe3cff2f9332c7b4166a13bd6ffe5397d903dc4a58723c04a4053dc8b"},
  "elixir_make": {:hex, :elixir_make, "0.5.1", "cee27c69bddcd6e333a24f2313786d1c9a970c49fcf700ecf1f7246f3a210f39", [:mix], [], "hexpm", "06aa7baa61ca3003483b95f08137675725a954565196132c242bd48298951491"},
  "ex_co2_mini": {:hex, :ex_co2_mini, "0.1.3", "cf286006caeeefad3abdb19e52e45e9203874bda93398569caa7d148e36a4661", [:make, :mix], [{:elixir_make, "~> 0.4", [hex: :elixir_make, repo: "hexpm", optional: false]}], "hexpm", "1938a82769b67caee44d241f88a40b75f49f8fade2eafb661eb4a4875076ee30"},
}
